
Microsoft Visual Studio Solution File, Format Version 12.00
# Visual Studio 15
VisualStudioVersion = 15.0.28307.1169
MinimumVisualStudioVersion = 10.0.40219.1
Project("{FAE04EC0-301F-11D3-BF4B-00C04F79EFBC}") = "ProtocolBuffers", "ProtocolBuffers.csproj", "{8559ADA3-C5E8-4737-BFD8-4F3ADD06DB1F}"
EndProject
Global
	GlobalSection(SolutionConfigurationPlatforms) = preSolution
		Debug|Any CPU = Debug|Any CPU
		Release|Any CPU = Release|Any CPU
	EndGlobalSection
	GlobalSection(ProjectConfigurationPlatforms) = postSolution
		{8559ADA3-C5E8-4737-BFD8-4F3ADD06DB1F}.Debug|Any CPU.ActiveCfg = Debug|Any CPU
		{8559ADA3-C5E8-4737-BFD8-4F3ADD06DB1F}.Debug|Any CPU.Build.0 = Debug|Any CPU
		{8559ADA3-C5E8-4737-BFD8-4F3ADD06DB1F}.Release|Any CPU.ActiveCfg = Release|Any CPU
		{8559ADA3-C5E8-4737-BFD8-4F3ADD06DB1F}.Release|Any CPU.Build.0 = Release|Any CPU
	EndGlobalSection
	GlobalSection(SolutionProperties) = preSolution
		HideSolutionNode = FALSE
	EndGlobalSection
	GlobalSection(ExtensibilityGlobals) = postSolution
		SolutionGuid = {489667A9-7D37-40B2-A1B2-1BF1A9C8624E}
	EndGlobalSection
EndGlobal
